
Microsoft Visual Studio Solution File, Format Version 12.00
# Visual Studio 2013
VisualStudioVersion = 12.0.30501.0
MinimumVisualStudioVersion = 10.0.40219.1
Project("{FAE04EC0-301F-11D3-BF4B-00C04F79EFBC}") = "NuGetSearch", "NuGetSearch\NuGetSearch.csproj", "{F1484683-8729-4BC4-9EEA-7F5CF58E01FA}"
EndProject
Project("{FAE04EC0-301F-11D3-BF4B-00C04F79EFBC}") = "NuGetSearch.Core", "NuGetSearch.Core\NuGetSearch.Core.csproj", "{06756E2A-4449-4D1D-988F-C2EBFD7570E4}"
EndProject
Project("{2150E333-8FDC-42A3-9474-1A3956D46DE8}") = ".nuget", ".nuget", "{235B2354-542F-48BA-8DE5-8D1D905E2464}"
	ProjectSection(SolutionItems) = preProject
		.nuget\NuGet.Config = .nuget\NuGet.Config
		.nuget\NuGet.exe = .nuget\NuGet.exe
		.nuget\NuGet.targets = .nuget\NuGet.targets
	EndProjectSection
EndProject
Global
	GlobalSection(SolutionConfigurationPlatforms) = preSolution
		Debug|Any CPU = Debug|Any CPU
		Debug|ARM = Debug|ARM
		Debug|x86 = Debug|x86
		Release|Any CPU = Release|Any CPU
		Release|ARM = Release|ARM
		Release|x86 = Release|x86
	EndGlobalSection
	GlobalSection(ProjectConfigurationPlatforms) = postSolution
		{F1484683-8729-4BC4-9EEA-7F5CF58E01FA}.Debug|Any CPU.ActiveCfg = Debug|Any CPU
		{F1484683-8729-4BC4-9EEA-7F5CF58E01FA}.Debug|Any CPU.Build.0 = Debug|Any CPU
		{F1484683-8729-4BC4-9EEA-7F5CF58E01FA}.Debug|Any CPU.Deploy.0 = Debug|Any CPU
		{F1484683-8729-4BC4-9EEA-7F5CF58E01FA}.Debug|ARM.ActiveCfg = Debug|ARM
		{F1484683-8729-4BC4-9EEA-7F5CF58E01FA}.Debug|ARM.Build.0 = Debug|ARM
		{F1484683-8729-4BC4-9EEA-7F5CF58E01FA}.Debug|ARM.Deploy.0 = Debug|ARM
		{F1484683-8729-4BC4-9EEA-7F5CF58E01FA}.Debug|x86.ActiveCfg = Debug|x86
		{F1484683-8729-4BC4-9EEA-7F5CF58E01FA}.Debug|x86.Build.0 = Debug|x86
		{F1484683-8729-4BC4-9EEA-7F5CF58E01FA}.Debug|x86.Deploy.0 = Debug|x86
		{F1484683-8729-4BC4-9EEA-7F5CF58E01FA}.Release|Any CPU.ActiveCfg = Release|Any CPU
		{F1484683-8729-4BC4-9EEA-7F5CF58E01FA}.Release|Any CPU.Build.0 = Release|Any CPU
		{F1484683-8729-4BC4-9EEA-7F5CF58E01FA}.Release|Any CPU.Deploy.0 = Release|Any CPU
		{F1484683-8729-4BC4-9EEA-7F5CF58E01FA}.Release|ARM.ActiveCfg = Release|ARM
		{F1484683-8729-4BC4-9EEA-7F5CF58E01FA}.Release|ARM.Build.0 = Release|ARM
		{F1484683-8729-4BC4-9EEA-7F5CF58E01FA}.Release|ARM.Deploy.0 = Release|ARM
		{F1484683-8729-4BC4-9EEA-7F5CF58E01FA}.Release|x86.ActiveCfg = Release|x86
		{F1484683-8729-4BC4-9EEA-7F5CF58E01FA}.Release|x86.Build.0 = Release|x86
		{F1484683-8729-4BC4-9EEA-7F5CF58E01FA}.Release|x86.Deploy.0 = Release|x86
		{06756E2A-4449-4D1D-988F-C2EBFD7570E4}.Debug|Any CPU.ActiveCfg = Debug|Any CPU
		{06756E2A-4449-4D1D-988F-C2EBFD7570E4}.Debug|Any CPU.Build.0 = Debug|Any CPU
		{06756E2A-4449-4D1D-988F-C2EBFD7570E4}.Debug|ARM.ActiveCfg = Debug|ARM
		{06756E2A-4449-4D1D-988F-C2EBFD7570E4}.Debug|ARM.Build.0 = Debug|ARM
		{06756E2A-4449-4D1D-988F-C2EBFD7570E4}.Debug|x86.ActiveCfg = Debug|x86
		{06756E2A-4449-4D1D-988F-C2EBFD7570E4}.Debug|x86.Build.0 = Debug|x86
		{06756E2A-4449-4D1D-988F-C2EBFD7570E4}.Release|Any CPU.ActiveCfg = Release|Any CPU
		{06756E2A-4449-4D1D-988F-C2EBFD7570E4}.Release|Any CPU.Build.0 = Release|Any CPU
		{06756E2A-4449-4D1D-988F-C2EBFD7570E4}.Release|ARM.ActiveCfg = Release|ARM
		{06756E2A-4449-4D1D-988F-C2EBFD7570E4}.Release|ARM.Build.0 = Release|ARM
		{06756E2A-4449-4D1D-988F-C2EBFD7570E4}.Release|x86.ActiveCfg = Release|x86
		{06756E2A-4449-4D1D-988F-C2EBFD7570E4}.Release|x86.Build.0 = Release|x86
	EndGlobalSection
	GlobalSection(SolutionProperties) = preSolution
		HideSolutionNode = FALSE
	EndGlobalSection
EndGlobal
